
Microsoft Visual Studio Solution File, Format Version 12.00
# Visual Studio 15
VisualStudioVersion = 15.0.28307.1169
MinimumVisualStudioVersion = 10.0.40219.1
Project("{FAE04EC0-301F-11D3-BF4B-00C04F79EFBC}") = "Global.Android", "Global\Global.Android\Global.Android.csproj", "{471484F0-4B2C-41D8-84CF-4D99F179CC32}"
EndProject
Project("{FAE04EC0-301F-11D3-BF4B-00C04F79EFBC}") = "Global", "Global\Global\Global.csproj", "{1A5DB92C-56BD-40B0-97FD-33EC6E133624}"
EndProject
Global
	GlobalSection(SolutionConfigurationPlatforms) = preSolution
		Debug|Any CPU = Debug|Any CPU
		Release|Any CPU = Release|Any CPU
	EndGlobalSection
	GlobalSection(ProjectConfigurationPlatforms) = postSolution
		{471484F0-4B2C-41D8-84CF-4D99F179CC32}.Debug|Any CPU.ActiveCfg = Debug|Any CPU
		{471484F0-4B2C-41D8-84CF-4D99F179CC32}.Debug|Any CPU.Build.0 = Debug|Any CPU
		{471484F0-4B2C-41D8-84CF-4D99F179CC32}.Debug|Any CPU.Deploy.0 = Debug|Any CPU
		{471484F0-4B2C-41D8-84CF-4D99F179CC32}.Release|Any CPU.ActiveCfg = Release|Any CPU
		{471484F0-4B2C-41D8-84CF-4D99F179CC32}.Release|Any CPU.Build.0 = Release|Any CPU
		{471484F0-4B2C-41D8-84CF-4D99F179CC32}.Release|Any CPU.Deploy.0 = Release|Any CPU
		{1A5DB92C-56BD-40B0-97FD-33EC6E133624}.Debug|Any CPU.ActiveCfg = Debug|Any CPU
		{1A5DB92C-56BD-40B0-97FD-33EC6E133624}.Debug|Any CPU.Build.0 = Debug|Any CPU
		{1A5DB92C-56BD-40B0-97FD-33EC6E133624}.Debug|Any CPU.Deploy.0 = Debug|Any CPU
		{1A5DB92C-56BD-40B0-97FD-33EC6E133624}.Release|Any CPU.ActiveCfg = Release|Any CPU
		{1A5DB92C-56BD-40B0-97FD-33EC6E133624}.Release|Any CPU.Build.0 = Release|Any CPU
		{1A5DB92C-56BD-40B0-97FD-33EC6E133624}.Release|Any CPU.Deploy.0 = Release|Any CPU
	EndGlobalSection
	GlobalSection(SolutionProperties) = preSolution
		HideSolutionNode = FALSE
	EndGlobalSection
	GlobalSection(ExtensibilityGlobals) = postSolution
		SolutionGuid = {9163A2B0-1696-4BB4-89F4-3D843BB51226}
	EndGlobalSection
EndGlobal
